
Microsoft Visual Studio Solution File, Format Version 12.00
# Visual Studio 14
VisualStudioVersion = 14.0.25420.1
MinimumVisualStudioVersion = 10.0.40219.1
Project("{8BC9CEB8-8B4A-11D0-8D11-00A0C91BC942}") = "hms", "hms\hms.vcxproj", "{3286448E-FF5C-4FCF-81F8-3A2664D70F66}"
EndProject
Project("{54435603-DBB4-11D2-8724-00A0C9A8B90C}") = "Setuphmsakashteam", "Setuphmsakashteam\Setuphmsakashteam.vdproj", "{749E3603-AC83-45CE-85B8-BA1DC05CBDF8}"
EndProject
Global
	GlobalSection(SolutionConfigurationPlatforms) = preSolution
		Debug|x64 = Debug|x64
		Debug|x86 = Debug|x86
		Release|x64 = Release|x64
		Release|x86 = Release|x86
	EndGlobalSection
	GlobalSection(ProjectConfigurationPlatforms) = postSolution
		{3286448E-FF5C-4FCF-81F8-3A2664D70F66}.Debug|x64.ActiveCfg = Debug|x64
		{3286448E-FF5C-4FCF-81F8-3A2664D70F66}.Debug|x64.Build.0 = Debug|x64
		{3286448E-FF5C-4FCF-81F8-3A2664D70F66}.Debug|x86.ActiveCfg = Debug|Win32
		{3286448E-FF5C-4FCF-81F8-3A2664D70F66}.Debug|x86.Build.0 = Debug|Win32
		{3286448E-FF5C-4FCF-81F8-3A2664D70F66}.Release|x64.ActiveCfg = Release|x64
		{3286448E-FF5C-4FCF-81F8-3A2664D70F66}.Release|x64.Build.0 = Release|x64
		{3286448E-FF5C-4FCF-81F8-3A2664D70F66}.Release|x86.ActiveCfg = Release|Win32
		{3286448E-FF5C-4FCF-81F8-3A2664D70F66}.Release|x86.Build.0 = Release|Win32
		{749E3603-AC83-45CE-85B8-BA1DC05CBDF8}.Debug|x64.ActiveCfg = Debug
		{749E3603-AC83-45CE-85B8-BA1DC05CBDF8}.Debug|x86.ActiveCfg = Debug
		{749E3603-AC83-45CE-85B8-BA1DC05CBDF8}.Release|x64.ActiveCfg = Release
		{749E3603-AC83-45CE-85B8-BA1DC05CBDF8}.Release|x86.ActiveCfg = Release
	EndGlobalSection
	GlobalSection(SolutionProperties) = preSolution
		HideSolutionNode = FALSE
	EndGlobalSection
EndGlobal
